
Microsoft Visual Studio Solution File, Format Version 12.00
# Visual Studio Version 17
VisualStudioVersion = 17.10.34916.146
MinimumVisualStudioVersion = 10.0.40219.1
Project("{FAE04EC0-301F-11D3-BF4B-00C04F79EFBC}") = "AvRunner", "AvRunner\AvRunner.csproj", "{684B2B4E-AA05-4BC3-B915-082474841696}"
EndProject
Project("{FAE04EC0-301F-11D3-BF4B-00C04F79EFBC}") = "BasicDLL", "BasicDLL\BasicDLL.csproj", "{BAD82D07-732C-425B-8265-B06D54BC32C8}"
EndProject
Project("{FAE04EC0-301F-11D3-BF4B-00C04F79EFBC}") = "AvDLL", "AvDLL\AvDLL.csproj", "{3E1FB4F6-E832-479C-BCE9-A1A7E416E186}"
EndProject
Project("{FAE04EC0-301F-11D3-BF4B-00C04F79EFBC}") = "Inject", "ProcInject\Inject.csproj", "{81CF1538-C78B-4B67-B1E4-F69C30450BB9}"
EndProject
Project("{FAE04EC0-301F-11D3-BF4B-00C04F79EFBC}") = "ShellcodeEncrypt", "ShellcodeEncrypt\ShellcodeEncrypt.csproj", "{C4B0AAC5-233B-4E8F-A737-E3EEC78A4D4B}"
EndProject
Project("{FAE04EC0-301F-11D3-BF4B-00C04F79EFBC}") = "Sleep", "Sleep\Sleep.csproj", "{EB88C53B-C351-4BCA-A554-8AF251B3E50E}"
EndProject
Project("{FAE04EC0-301F-11D3-BF4B-00C04F79EFBC}") = "ProcHollow", "ProcHollow\ProcHollow.csproj", "{1F333804-995E-4187-AEB2-EEAE75938B33}"
EndProject
Project("{FAE04EC0-301F-11D3-BF4B-00C04F79EFBC}") = "Amseye", "Amseye\Amseye.csproj", "{EF2F1787-E5CA-4032-AEA2-DEC1F959FC67}"
EndProject
Project("{FAE04EC0-301F-11D3-BF4B-00C04F79EFBC}") = "DotNetToJScript", "DotNetToJScript\DotNetToJScript.csproj", "{7E3F231C-0D0B-4025-812C-0EF099404861}"
EndProject
Project("{FAE04EC0-301F-11D3-BF4B-00C04F79EFBC}") = "ExampleAssembly", "ExampleAssembly\ExampleAssembly.csproj", "{56598F1C-6D88-4994-A392-AF337ABE5777}"
EndProject
Project("{FAE04EC0-301F-11D3-BF4B-00C04F79EFBC}") = "HollowDLL", "HollowDLL\HollowDLL.csproj", "{B34C2BEC-1CBD-4A67-BC48-14DC7CF0F944}"
EndProject
Project("{FAE04EC0-301F-11D3-BF4B-00C04F79EFBC}") = "InjectDLL", "InjectDLL\InjectDLL.csproj", "{4AACF6C0-9806-43FA-BE3F-7FBDB5014F84}"
EndProject
Project("{FAE04EC0-301F-11D3-BF4B-00C04F79EFBC}") = "RDPInject", "RDPInject\RDPInject.csproj", "{92E2D09B-6595-4ACA-ADD6-5D0EC86452EE}"
EndProject
Project("{FAE04EC0-301F-11D3-BF4B-00C04F79EFBC}") = "Lateral", "Lateral\Lateral.csproj", "{E50A9D62-1A4A-43E4-97B8-A179E32DBF6E}"
EndProject
Project("{FAE04EC0-301F-11D3-BF4B-00C04F79EFBC}") = "MiniDump", "MiniDump\MiniDump.csproj", "{CAD695C4-BD81-4E2B-B834-80D90293A675}"
EndProject
Project("{FAE04EC0-301F-11D3-BF4B-00C04F79EFBC}") = "PrintSpoofer", "PrintSpoofer\PrintSpoofer.csproj", "{A93E8E71-A8C2-45A1-87C5-E7A24411670A}"
EndProject
Project("{FAE04EC0-301F-11D3-BF4B-00C04F79EFBC}") = "InstallUtil", "InstallUtil\InstallUtil.csproj", "{2DA66E42-84C0-4309-8F94-8170B9C28A0A}"
EndProject
Project("{FAE04EC0-301F-11D3-BF4B-00C04F79EFBC}") = "Runspace", "Runspace\Runspace.csproj", "{7C32D37C-6FBA-4E4F-BB84-3EC8054EE662}"
EndProject
Project("{FAE04EC0-301F-11D3-BF4B-00C04F79EFBC}") = "SharpUp", "SharpUp\SharpUp\SharpUp.csproj", "{FDD654F5-5C54-4D93-BF8E-FAF11B00E3E9}"
EndProject
Project("{FAE04EC0-301F-11D3-BF4B-00C04F79EFBC}") = "SQL", "SQL\SQL.csproj", "{5E8FE780-BA7E-487B-A2D6-112FD6A9979D}"
EndProject
Project("{FAE04EC0-301F-11D3-BF4B-00C04F79EFBC}") = "SQLAssembly", "SQLAssembly\SQLAssembly.csproj", "{7A749FBD-D03A-4534-83A4-A2EF4ED5541C}"
EndProject
Project("{FAE04EC0-301F-11D3-BF4B-00C04F79EFBC}") = "HexRunner", "HexRunner\HexRunner.csproj", "{79EAAFE0-E0FB-4778-9A86-017A6E1B21B1}"
EndProject
Global
	GlobalSection(SolutionConfigurationPlatforms) = preSolution
		Debug|Any CPU = Debug|Any CPU
		Debug|x64 = Debug|x64
		Debug|x86 = Debug|x86
		Release|Any CPU = Release|Any CPU
		Release|x64 = Release|x64
		Release|x86 = Release|x86
	EndGlobalSection
	GlobalSection(ProjectConfigurationPlatforms) = postSolution
		{684B2B4E-AA05-4BC3-B915-082474841696}.Debug|Any CPU.ActiveCfg = Debug|Any CPU
		{684B2B4E-AA05-4BC3-B915-082474841696}.Debug|Any CPU.Build.0 = Debug|Any CPU
		{684B2B4E-AA05-4BC3-B915-082474841696}.Debug|x64.ActiveCfg = Debug|x64
		{684B2B4E-AA05-4BC3-B915-082474841696}.Debug|x64.Build.0 = Debug|x64
		{684B2B4E-AA05-4BC3-B915-082474841696}.Debug|x86.ActiveCfg = Debug|Any CPU
		{684B2B4E-AA05-4BC3-B915-082474841696}.Debug|x86.Build.0 = Debug|Any CPU
		{684B2B4E-AA05-4BC3-B915-082474841696}.Release|Any CPU.ActiveCfg = Release|Any CPU
		{684B2B4E-AA05-4BC3-B915-082474841696}.Release|Any CPU.Build.0 = Release|Any CPU
		{684B2B4E-AA05-4BC3-B915-082474841696}.Release|x64.ActiveCfg = Release|x64
		{684B2B4E-AA05-4BC3-B915-082474841696}.Release|x64.Build.0 = Release|x64
		{684B2B4E-AA05-4BC3-B915-082474841696}.Release|x86.ActiveCfg = Release|Any CPU
		{684B2B4E-AA05-4BC3-B915-082474841696}.Release|x86.Build.0 = Release|Any CPU
		{BAD82D07-732C-425B-8265-B06D54BC32C8}.Debug|Any CPU.ActiveCfg = Debug|Any CPU
		{BAD82D07-732C-425B-8265-B06D54BC32C8}.Debug|Any CPU.Build.0 = Debug|Any CPU
		{BAD82D07-732C-425B-8265-B06D54BC32C8}.Debug|x64.ActiveCfg = Debug|Any CPU
		{BAD82D07-732C-425B-8265-B06D54BC32C8}.Debug|x64.Build.0 = Debug|Any CPU
		{BAD82D07-732C-425B-8265-B06D54BC32C8}.Debug|x86.ActiveCfg = Debug|Any CPU
		{BAD82D07-732C-425B-8265-B06D54BC32C8}.Debug|x86.Build.0 = Debug|Any CPU
		{BAD82D07-732C-425B-8265-B06D54BC32C8}.Release|Any CPU.ActiveCfg = Release|Any CPU
		{BAD82D07-732C-425B-8265-B06D54BC32C8}.Release|Any CPU.Build.0 = Release|Any CPU
		{BAD82D07-732C-425B-8265-B06D54BC32C8}.Release|x64.ActiveCfg = Release|x64
		{BAD82D07-732C-425B-8265-B06D54BC32C8}.Release|x64.Build.0 = Release|x64
		{BAD82D07-732C-425B-8265-B06D54BC32C8}.Release|x86.ActiveCfg = Release|Any CPU
		{BAD82D07-732C-425B-8265-B06D54BC32C8}.Release|x86.Build.0 = Release|Any CPU
		{3E1FB4F6-E832-479C-BCE9-A1A7E416E186}.Debug|Any CPU.ActiveCfg = Debug|Any CPU
		{3E1FB4F6-E832-479C-BCE9-A1A7E416E186}.Debug|Any CPU.Build.0 = Debug|Any CPU
		{3E1FB4F6-E832-479C-BCE9-A1A7E416E186}.Debug|x64.ActiveCfg = Debug|Any CPU
		{3E1FB4F6-E832-479C-BCE9-A1A7E416E186}.Debug|x64.Build.0 = Debug|Any CPU
		{3E1FB4F6-E832-479C-BCE9-A1A7E416E186}.Debug|x86.ActiveCfg = Debug|x86
		{3E1FB4F6-E832-479C-BCE9-A1A7E416E186}.Debug|x86.Build.0 = Debug|x86
		{3E1FB4F6-E832-479C-BCE9-A1A7E416E186}.Release|Any CPU.ActiveCfg = Release|Any CPU
		{3E1FB4F6-E832-479C-BCE9-A1A7E416E186}.Release|Any CPU.Build.0 = Release|Any CPU
		{3E1FB4F6-E832-479C-BCE9-A1A7E416E186}.Release|x64.ActiveCfg = Release|Any CPU
		{3E1FB4F6-E832-479C-BCE9-A1A7E416E186}.Release|x64.Build.0 = Release|Any CPU
		{3E1FB4F6-E832-479C-BCE9-A1A7E416E186}.Release|x86.ActiveCfg = Release|x86
		{3E1FB4F6-E832-479C-BCE9-A1A7E416E186}.Release|x86.Build.0 = Release|x86
		{81CF1538-C78B-4B67-B1E4-F69C30450BB9}.Debug|Any CPU.ActiveCfg = Debug|Any CPU
		{81CF1538-C78B-4B67-B1E4-F69C30450BB9}.Debug|Any CPU.Build.0 = Debug|Any CPU
		{81CF1538-C78B-4B67-B1E4-F69C30450BB9}.Debug|x64.ActiveCfg = Debug|Any CPU
		{81CF1538-C78B-4B67-B1E4-F69C30450BB9}.Debug|x64.Build.0 = Debug|Any CPU
		{81CF1538-C78B-4B67-B1E4-F69C30450BB9}.Debug|x86.ActiveCfg = Debug|Any CPU
		{81CF1538-C78B-4B67-B1E4-F69C30450BB9}.Debug|x86.Build.0 = Debug|Any CPU
		{81CF1538-C78B-4B67-B1E4-F69C30450BB9}.Release|Any CPU.ActiveCfg = Release|Any CPU
		{81CF1538-C78B-4B67-B1E4-F69C30450BB9}.Release|Any CPU.Build.0 = Release|Any CPU
		{81CF1538-C78B-4B67-B1E4-F69C30450BB9}.Release|x64.ActiveCfg = Release|x64
		{81CF1538-C78B-4B67-B1E4-F69C30450BB9}.Release|x64.Build.0 = Release|x64
		{81CF1538-C78B-4B67-B1E4-F69C30450BB9}.Release|x86.ActiveCfg = Release|Any CPU
		{81CF1538-C78B-4B67-B1E4-F69C30450BB9}.Release|x86.Build.0 = Release|Any CPU
		{C4B0AAC5-233B-4E8F-A737-E3EEC78A4D4B}.Debug|Any CPU.ActiveCfg = Debug|Any CPU
		{C4B0AAC5-233B-4E8F-A737-E3EEC78A4D4B}.Debug|Any CPU.Build.0 = Debug|Any CPU
		{C4B0AAC5-233B-4E8F-A737-E3EEC78A4D4B}.Debug|x64.ActiveCfg = Debug|Any CPU
		{C4B0AAC5-233B-4E8F-A737-E3EEC78A4D4B}.Debug|x64.Build.0 = Debug|Any CPU
		{C4B0AAC5-233B-4E8F-A737-E3EEC78A4D4B}.Debug|x86.ActiveCfg = Debug|Any CPU
		{C4B0AAC5-233B-4E8F-A737-E3EEC78A4D4B}.Debug|x86.Build.0 = Debug|Any CPU
		{C4B0AAC5-233B-4E8F-A737-E3EEC78A4D4B}.Release|Any CPU.ActiveCfg = Release|Any CPU
		{C4B0AAC5-233B-4E8F-A737-E3EEC78A4D4B}.Release|Any CPU.Build.0 = Release|Any CPU
		{C4B0AAC5-233B-4E8F-A737-E3EEC78A4D4B}.Release|x64.ActiveCfg = Release|Any CPU
		{C4B0AAC5-233B-4E8F-A737-E3EEC78A4D4B}.Release|x64.Build.0 = Release|Any CPU
		{C4B0AAC5-233B-4E8F-A737-E3EEC78A4D4B}.Release|x86.ActiveCfg = Release|Any CPU
		{C4B0AAC5-233B-4E8F-A737-E3EEC78A4D4B}.Release|x86.Build.0 = Release|Any CPU
		{EB88C53B-C351-4BCA-A554-8AF251B3E50E}.Debug|Any CPU.ActiveCfg = Debug|Any CPU
		{EB88C53B-C351-4BCA-A554-8AF251B3E50E}.Debug|Any CPU.Build.0 = Debug|Any CPU
		{EB88C53B-C351-4BCA-A554-8AF251B3E50E}.Debug|x64.ActiveCfg = Debug|Any CPU
		{EB88C53B-C351-4BCA-A554-8AF251B3E50E}.Debug|x64.Build.0 = Debug|Any CPU
		{EB88C53B-C351-4BCA-A554-8AF251B3E50E}.Debug|x86.ActiveCfg = Debug|Any CPU
		{EB88C53B-C351-4BCA-A554-8AF251B3E50E}.Debug|x86.Build.0 = Debug|Any CPU
		{EB88C53B-C351-4BCA-A554-8AF251B3E50E}.Release|Any CPU.ActiveCfg = Release|Any CPU
		{EB88C53B-C351-4BCA-A554-8AF251B3E50E}.Release|Any CPU.Build.0 = Release|Any CPU
		{EB88C53B-C351-4BCA-A554-8AF251B3E50E}.Release|x64.ActiveCfg = Release|x64
		{EB88C53B-C351-4BCA-A554-8AF251B3E50E}.Release|x64.Build.0 = Release|x64
		{EB88C53B-C351-4BCA-A554-8AF251B3E50E}.Release|x86.ActiveCfg = Release|Any CPU
		{EB88C53B-C351-4BCA-A554-8AF251B3E50E}.Release|x86.Build.0 = Release|Any CPU
		{1F333804-995E-4187-AEB2-EEAE75938B33}.Debug|Any CPU.ActiveCfg = Debug|Any CPU
		{1F333804-995E-4187-AEB2-EEAE75938B33}.Debug|Any CPU.Build.0 = Debug|Any CPU
		{1F333804-995E-4187-AEB2-EEAE75938B33}.Debug|x64.ActiveCfg = Debug|x64
		{1F333804-995E-4187-AEB2-EEAE75938B33}.Debug|x64.Build.0 = Debug|x64
		{1F333804-995E-4187-AEB2-EEAE75938B33}.Debug|x86.ActiveCfg = Debug|Any CPU
		{1F333804-995E-4187-AEB2-EEAE75938B33}.Debug|x86.Build.0 = Debug|Any CPU
		{1F333804-995E-4187-AEB2-EEAE75938B33}.Release|Any CPU.ActiveCfg = Release|Any CPU
		{1F333804-995E-4187-AEB2-EEAE75938B33}.Release|Any CPU.Build.0 = Release|Any CPU
		{1F333804-995E-4187-AEB2-EEAE75938B33}.Release|x64.ActiveCfg = Release|x64
		{1F333804-995E-4187-AEB2-EEAE75938B33}.Release|x64.Build.0 = Release|x64
		{1F333804-995E-4187-AEB2-EEAE75938B33}.Release|x86.ActiveCfg = Release|Any CPU
		{1F333804-995E-4187-AEB2-EEAE75938B33}.Release|x86.Build.0 = Release|Any CPU
		{EF2F1787-E5CA-4032-AEA2-DEC1F959FC67}.Debug|Any CPU.ActiveCfg = Debug|Any CPU
		{EF2F1787-E5CA-4032-AEA2-DEC1F959FC67}.Debug|Any CPU.Build.0 = Debug|Any CPU
		{EF2F1787-E5CA-4032-AEA2-DEC1F959FC67}.Debug|x64.ActiveCfg = Debug|x64
		{EF2F1787-E5CA-4032-AEA2-DEC1F959FC67}.Debug|x64.Build.0 = Debug|x64
		{EF2F1787-E5CA-4032-AEA2-DEC1F959FC67}.Debug|x86.ActiveCfg = Debug|Any CPU
		{EF2F1787-E5CA-4032-AEA2-DEC1F959FC67}.Debug|x86.Build.0 = Debug|Any CPU
		{EF2F1787-E5CA-4032-AEA2-DEC1F959FC67}.Release|Any CPU.ActiveCfg = Release|Any CPU
		{EF2F1787-E5CA-4032-AEA2-DEC1F959FC67}.Release|Any CPU.Build.0 = Release|Any CPU
		{EF2F1787-E5CA-4032-AEA2-DEC1F959FC67}.Release|x64.ActiveCfg = Release|x64
		{EF2F1787-E5CA-4032-AEA2-DEC1F959FC67}.Release|x64.Build.0 = Release|x64
		{EF2F1787-E5CA-4032-AEA2-DEC1F959FC67}.Release|x86.ActiveCfg = Release|Any CPU
		{EF2F1787-E5CA-4032-AEA2-DEC1F959FC67}.Release|x86.Build.0 = Release|Any CPU
		{7E3F231C-0D0B-4025-812C-0EF099404861}.Debug|Any CPU.ActiveCfg = Debug|Any CPU
		{7E3F231C-0D0B-4025-812C-0EF099404861}.Debug|Any CPU.Build.0 = Debug|Any CPU
		{7E3F231C-0D0B-4025-812C-0EF099404861}.Debug|x64.ActiveCfg = Debug|Any CPU
		{7E3F231C-0D0B-4025-812C-0EF099404861}.Debug|x64.Build.0 = Debug|Any CPU
		{7E3F231C-0D0B-4025-812C-0EF099404861}.Debug|x86.ActiveCfg = Debug|Any CPU
		{7E3F231C-0D0B-4025-812C-0EF099404861}.Debug|x86.Build.0 = Debug|Any CPU
		{7E3F231C-0D0B-4025-812C-0EF099404861}.Release|Any CPU.ActiveCfg = Release|Any CPU
		{7E3F231C-0D0B-4025-812C-0EF099404861}.Release|Any CPU.Build.0 = Release|Any CPU
		{7E3F231C-0D0B-4025-812C-0EF099404861}.Release|x64.ActiveCfg = Release|Any CPU
		{7E3F231C-0D0B-4025-812C-0EF099404861}.Release|x64.Build.0 = Release|Any CPU
		{7E3F231C-0D0B-4025-812C-0EF099404861}.Release|x86.ActiveCfg = Release|Any CPU
		{7E3F231C-0D0B-4025-812C-0EF099404861}.Release|x86.Build.0 = Release|Any CPU
		{56598F1C-6D88-4994-A392-AF337ABE5777}.Debug|Any CPU.ActiveCfg = Debug|Any CPU
		{56598F1C-6D88-4994-A392-AF337ABE5777}.Debug|Any CPU.Build.0 = Debug|Any CPU
		{56598F1C-6D88-4994-A392-AF337ABE5777}.Debug|x64.ActiveCfg = Debug|x64
		{56598F1C-6D88-4994-A392-AF337ABE5777}.Debug|x64.Build.0 = Debug|x64
		{56598F1C-6D88-4994-A392-AF337ABE5777}.Debug|x86.ActiveCfg = Debug|Any CPU
		{56598F1C-6D88-4994-A392-AF337ABE5777}.Debug|x86.Build.0 = Debug|Any CPU
		{56598F1C-6D88-4994-A392-AF337ABE5777}.Release|Any CPU.ActiveCfg = Release|Any CPU
		{56598F1C-6D88-4994-A392-AF337ABE5777}.Release|Any CPU.Build.0 = Release|Any CPU
		{56598F1C-6D88-4994-A392-AF337ABE5777}.Release|x64.ActiveCfg = Release|x64
		{56598F1C-6D88-4994-A392-AF337ABE5777}.Release|x64.Build.0 = Release|x64
		{56598F1C-6D88-4994-A392-AF337ABE5777}.Release|x86.ActiveCfg = Release|Any CPU
		{56598F1C-6D88-4994-A392-AF337ABE5777}.Release|x86.Build.0 = Release|Any CPU
		{B34C2BEC-1CBD-4A67-BC48-14DC7CF0F944}.Debug|Any CPU.ActiveCfg = Debug|Any CPU
		{B34C2BEC-1CBD-4A67-BC48-14DC7CF0F944}.Debug|Any CPU.Build.0 = Debug|Any CPU
		{B34C2BEC-1CBD-4A67-BC48-14DC7CF0F944}.Debug|x64.ActiveCfg = Debug|x64
		{B34C2BEC-1CBD-4A67-BC48-14DC7CF0F944}.Debug|x64.Build.0 = Debug|x64
		{B34C2BEC-1CBD-4A67-BC48-14DC7CF0F944}.Debug|x86.ActiveCfg = Debug|Any CPU
		{B34C2BEC-1CBD-4A67-BC48-14DC7CF0F944}.Debug|x86.Build.0 = Debug|Any CPU
		{B34C2BEC-1CBD-4A67-BC48-14DC7CF0F944}.Release|Any CPU.ActiveCfg = Release|Any CPU
		{B34C2BEC-1CBD-4A67-BC48-14DC7CF0F944}.Release|Any CPU.Build.0 = Release|Any CPU
		{B34C2BEC-1CBD-4A67-BC48-14DC7CF0F944}.Release|x64.ActiveCfg = Release|x64
		{B34C2BEC-1CBD-4A67-BC48-14DC7CF0F944}.Release|x64.Build.0 = Release|x64
		{B34C2BEC-1CBD-4A67-BC48-14DC7CF0F944}.Release|x86.ActiveCfg = Release|Any CPU
		{B34C2BEC-1CBD-4A67-BC48-14DC7CF0F944}.Release|x86.Build.0 = Release|Any CPU
		{4AACF6C0-9806-43FA-BE3F-7FBDB5014F84}.Debug|Any CPU.ActiveCfg = Debug|Any CPU
		{4AACF6C0-9806-43FA-BE3F-7FBDB5014F84}.Debug|Any CPU.Build.0 = Debug|Any CPU
		{4AACF6C0-9806-43FA-BE3F-7FBDB5014F84}.Debug|x64.ActiveCfg = Debug|x64
		{4AACF6C0-9806-43FA-BE3F-7FBDB5014F84}.Debug|x64.Build.0 = Debug|x64
		{4AACF6C0-9806-43FA-BE3F-7FBDB5014F84}.Debug|x86.ActiveCfg = Debug|Any CPU
		{4AACF6C0-9806-43FA-BE3F-7FBDB5014F84}.Debug|x86.Build.0 = Debug|Any CPU
		{4AACF6C0-9806-43FA-BE3F-7FBDB5014F84}.Release|Any CPU.ActiveCfg = Release|Any CPU
		{4AACF6C0-9806-43FA-BE3F-7FBDB5014F84}.Release|Any CPU.Build.0 = Release|Any CPU
		{4AACF6C0-9806-43FA-BE3F-7FBDB5014F84}.Release|x64.ActiveCfg = Release|x64
		{4AACF6C0-9806-43FA-BE3F-7FBDB5014F84}.Release|x64.Build.0 = Release|x64
		{4AACF6C0-9806-43FA-BE3F-7FBDB5014F84}.Release|x86.ActiveCfg = Release|Any CPU
		{4AACF6C0-9806-43FA-BE3F-7FBDB5014F84}.Release|x86.Build.0 = Release|Any CPU
		{92E2D09B-6595-4ACA-ADD6-5D0EC86452EE}.Debug|Any CPU.ActiveCfg = Debug|Any CPU
		{92E2D09B-6595-4ACA-ADD6-5D0EC86452EE}.Debug|Any CPU.Build.0 = Debug|Any CPU
		{92E2D09B-6595-4ACA-ADD6-5D0EC86452EE}.Debug|x64.ActiveCfg = Debug|Any CPU
		{92E2D09B-6595-4ACA-ADD6-5D0EC86452EE}.Debug|x64.Build.0 = Debug|Any CPU
		{92E2D09B-6595-4ACA-ADD6-5D0EC86452EE}.Debug|x86.ActiveCfg = Debug|Any CPU
		{92E2D09B-6595-4ACA-ADD6-5D0EC86452EE}.Debug|x86.Build.0 = Debug|Any CPU
		{92E2D09B-6595-4ACA-ADD6-5D0EC86452EE}.Release|Any CPU.ActiveCfg = Release|Any CPU
		{92E2D09B-6595-4ACA-ADD6-5D0EC86452EE}.Release|Any CPU.Build.0 = Release|Any CPU
		{92E2D09B-6595-4ACA-ADD6-5D0EC86452EE}.Release|x64.ActiveCfg = Release|Any CPU
		{92E2D09B-6595-4ACA-ADD6-5D0EC86452EE}.Release|x64.Build.0 = Release|Any CPU
		{92E2D09B-6595-4ACA-ADD6-5D0EC86452EE}.Release|x86.ActiveCfg = Release|Any CPU
		{92E2D09B-6595-4ACA-ADD6-5D0EC86452EE}.Release|x86.Build.0 = Release|Any CPU
		{E50A9D62-1A4A-43E4-97B8-A179E32DBF6E}.Debug|Any CPU.ActiveCfg = Debug|Any CPU
		{E50A9D62-1A4A-43E4-97B8-A179E32DBF6E}.Debug|Any CPU.Build.0 = Debug|Any CPU
		{E50A9D62-1A4A-43E4-97B8-A179E32DBF6E}.Debug|x64.ActiveCfg = Debug|x64
		{E50A9D62-1A4A-43E4-97B8-A179E32DBF6E}.Debug|x64.Build.0 = Debug|x64
		{E50A9D62-1A4A-43E4-97B8-A179E32DBF6E}.Debug|x86.ActiveCfg = Debug|Any CPU
		{E50A9D62-1A4A-43E4-97B8-A179E32DBF6E}.Debug|x86.Build.0 = Debug|Any CPU
		{E50A9D62-1A4A-43E4-97B8-A179E32DBF6E}.Release|Any CPU.ActiveCfg = Release|Any CPU
		{E50A9D62-1A4A-43E4-97B8-A179E32DBF6E}.Release|Any CPU.Build.0 = Release|Any CPU
		{E50A9D62-1A4A-43E4-97B8-A179E32DBF6E}.Release|x64.ActiveCfg = Release|x64
		{E50A9D62-1A4A-43E4-97B8-A179E32DBF6E}.Release|x64.Build.0 = Release|x64
		{E50A9D62-1A4A-43E4-97B8-A179E32DBF6E}.Release|x86.ActiveCfg = Release|Any CPU
		{E50A9D62-1A4A-43E4-97B8-A179E32DBF6E}.Release|x86.Build.0 = Release|Any CPU
		{CAD695C4-BD81-4E2B-B834-80D90293A675}.Debug|Any CPU.ActiveCfg = Debug|Any CPU
		{CAD695C4-BD81-4E2B-B834-80D90293A675}.Debug|Any CPU.Build.0 = Debug|Any CPU
		{CAD695C4-BD81-4E2B-B834-80D90293A675}.Debug|x64.ActiveCfg = Debug|x64
		{CAD695C4-BD81-4E2B-B834-80D90293A675}.Debug|x64.Build.0 = Debug|x64
		{CAD695C4-BD81-4E2B-B834-80D90293A675}.Debug|x86.ActiveCfg = Debug|Any CPU
		{CAD695C4-BD81-4E2B-B834-80D90293A675}.Debug|x86.Build.0 = Debug|Any CPU
		{CAD695C4-BD81-4E2B-B834-80D90293A675}.Release|Any CPU.ActiveCfg = Release|Any CPU
		{CAD695C4-BD81-4E2B-B834-80D90293A675}.Release|Any CPU.Build.0 = Release|Any CPU
		{CAD695C4-BD81-4E2B-B834-80D90293A675}.Release|x64.ActiveCfg = Release|x64
		{CAD695C4-BD81-4E2B-B834-80D90293A675}.Release|x64.Build.0 = Release|x64
		{CAD695C4-BD81-4E2B-B834-80D90293A675}.Release|x86.ActiveCfg = Release|Any CPU
		{CAD695C4-BD81-4E2B-B834-80D90293A675}.Release|x86.Build.0 = Release|Any CPU
		{A93E8E71-A8C2-45A1-87C5-E7A24411670A}.Debug|Any CPU.ActiveCfg = Debug|Any CPU
		{A93E8E71-A8C2-45A1-87C5-E7A24411670A}.Debug|Any CPU.Build.0 = Debug|Any CPU
		{A93E8E71-A8C2-45A1-87C5-E7A24411670A}.Debug|x64.ActiveCfg = Debug|x64
		{A93E8E71-A8C2-45A1-87C5-E7A24411670A}.Debug|x64.Build.0 = Debug|x64
		{A93E8E71-A8C2-45A1-87C5-E7A24411670A}.Debug|x86.ActiveCfg = Debug|Any CPU
		{A93E8E71-A8C2-45A1-87C5-E7A24411670A}.Debug|x86.Build.0 = Debug|Any CPU
		{A93E8E71-A8C2-45A1-87C5-E7A24411670A}.Release|Any CPU.ActiveCfg = Release|Any CPU
		{A93E8E71-A8C2-45A1-87C5-E7A24411670A}.Release|Any CPU.Build.0 = Release|Any CPU
		{A93E8E71-A8C2-45A1-87C5-E7A24411670A}.Release|x64.ActiveCfg = Release|x64
		{A93E8E71-A8C2-45A1-87C5-E7A24411670A}.Release|x64.Build.0 = Release|x64
		{A93E8E71-A8C2-45A1-87C5-E7A24411670A}.Release|x86.ActiveCfg = Release|Any CPU
		{A93E8E71-A8C2-45A1-87C5-E7A24411670A}.Release|x86.Build.0 = Release|Any CPU
		{2DA66E42-84C0-4309-8F94-8170B9C28A0A}.Debug|Any CPU.ActiveCfg = Debug|Any CPU
		{2DA66E42-84C0-4309-8F94-8170B9C28A0A}.Debug|Any CPU.Build.0 = Debug|Any CPU
		{2DA66E42-84C0-4309-8F94-8170B9C28A0A}.Debug|x64.ActiveCfg = Debug|x64
		{2DA66E42-84C0-4309-8F94-8170B9C28A0A}.Debug|x64.Build.0 = Debug|x64
		{2DA66E42-84C0-4309-8F94-8170B9C28A0A}.Debug|x86.ActiveCfg = Debug|Any CPU
		{2DA66E42-84C0-4309-8F94-8170B9C28A0A}.Debug|x86.Build.0 = Debug|Any CPU
		{2DA66E42-84C0-4309-8F94-8170B9C28A0A}.Release|Any CPU.ActiveCfg = Release|Any CPU
		{2DA66E42-84C0-4309-8F94-8170B9C28A0A}.Release|Any CPU.Build.0 = Release|Any CPU
		{2DA66E42-84C0-4309-8F94-8170B9C28A0A}.Release|x64.ActiveCfg = Release|x64
		{2DA66E42-84C0-4309-8F94-8170B9C28A0A}.Release|x64.Build.0 = Release|x64
		{2DA66E42-84C0-4309-8F94-8170B9C28A0A}.Release|x86.ActiveCfg = Release|Any CPU
		{2DA66E42-84C0-4309-8F94-8170B9C28A0A}.Release|x86.Build.0 = Release|Any CPU
		{7C32D37C-6FBA-4E4F-BB84-3EC8054EE662}.Debug|Any CPU.ActiveCfg = Debug|Any CPU
		{7C32D37C-6FBA-4E4F-BB84-3EC8054EE662}.Debug|Any CPU.Build.0 = Debug|Any CPU
		{7C32D37C-6FBA-4E4F-BB84-3EC8054EE662}.Debug|x64.ActiveCfg = Debug|x64
		{7C32D37C-6FBA-4E4F-BB84-3EC8054EE662}.Debug|x64.Build.0 = Debug|x64
		{7C32D37C-6FBA-4E4F-BB84-3EC8054EE662}.Debug|x86.ActiveCfg = Debug|Any CPU
		{7C32D37C-6FBA-4E4F-BB84-3EC8054EE662}.Debug|x86.Build.0 = Debug|Any CPU
		{7C32D37C-6FBA-4E4F-BB84-3EC8054EE662}.Release|Any CPU.ActiveCfg = Release|Any CPU
		{7C32D37C-6FBA-4E4F-BB84-3EC8054EE662}.Release|Any CPU.Build.0 = Release|Any CPU
		{7C32D37C-6FBA-4E4F-BB84-3EC8054EE662}.Release|x64.ActiveCfg = Release|x64
		{7C32D37C-6FBA-4E4F-BB84-3EC8054EE662}.Release|x64.Build.0 = Release|x64
		{7C32D37C-6FBA-4E4F-BB84-3EC8054EE662}.Release|x86.ActiveCfg = Release|Any CPU
		{7C32D37C-6FBA-4E4F-BB84-3EC8054EE662}.Release|x86.Build.0 = Release|Any CPU
		{FDD654F5-5C54-4D93-BF8E-FAF11B00E3E9}.Debug|Any CPU.ActiveCfg = Debug|Any CPU
		{FDD654F5-5C54-4D93-BF8E-FAF11B00E3E9}.Debug|Any CPU.Build.0 = Debug|Any CPU
		{FDD654F5-5C54-4D93-BF8E-FAF11B00E3E9}.Debug|x64.ActiveCfg = Debug|x64
		{FDD654F5-5C54-4D93-BF8E-FAF11B00E3E9}.Debug|x64.Build.0 = Debug|x64
		{FDD654F5-5C54-4D93-BF8E-FAF11B00E3E9}.Debug|x86.ActiveCfg = Debug|Any CPU
		{FDD654F5-5C54-4D93-BF8E-FAF11B00E3E9}.Debug|x86.Build.0 = Debug|Any CPU
		{FDD654F5-5C54-4D93-BF8E-FAF11B00E3E9}.Release|Any CPU.ActiveCfg = Release|Any CPU
		{FDD654F5-5C54-4D93-BF8E-FAF11B00E3E9}.Release|Any CPU.Build.0 = Release|Any CPU
		{FDD654F5-5C54-4D93-BF8E-FAF11B00E3E9}.Release|x64.ActiveCfg = Release|x64
		{FDD654F5-5C54-4D93-BF8E-FAF11B00E3E9}.Release|x64.Build.0 = Release|x64
		{FDD654F5-5C54-4D93-BF8E-FAF11B00E3E9}.Release|x86.ActiveCfg = Release|Any CPU
		{FDD654F5-5C54-4D93-BF8E-FAF11B00E3E9}.Release|x86.Build.0 = Release|Any CPU
		{5E8FE780-BA7E-487B-A2D6-112FD6A9979D}.Debug|Any CPU.ActiveCfg = Debug|Any CPU
		{5E8FE780-BA7E-487B-A2D6-112FD6A9979D}.Debug|Any CPU.Build.0 = Debug|Any CPU
		{5E8FE780-BA7E-487B-A2D6-112FD6A9979D}.Debug|x64.ActiveCfg = Debug|x64
		{5E8FE780-BA7E-487B-A2D6-112FD6A9979D}.Debug|x64.Build.0 = Debug|x64
		{5E8FE780-BA7E-487B-A2D6-112FD6A9979D}.Debug|x86.ActiveCfg = Debug|Any CPU
		{5E8FE780-BA7E-487B-A2D6-112FD6A9979D}.Debug|x86.Build.0 = Debug|Any CPU
		{5E8FE780-BA7E-487B-A2D6-112FD6A9979D}.Release|Any CPU.ActiveCfg = Release|Any CPU
		{5E8FE780-BA7E-487B-A2D6-112FD6A9979D}.Release|Any CPU.Build.0 = Release|Any CPU
		{5E8FE780-BA7E-487B-A2D6-112FD6A9979D}.Release|x64.ActiveCfg = Release|x64
		{5E8FE780-BA7E-487B-A2D6-112FD6A9979D}.Release|x64.Build.0 = Release|x64
		{5E8FE780-BA7E-487B-A2D6-112FD6A9979D}.Release|x86.ActiveCfg = Release|Any CPU
		{5E8FE780-BA7E-487B-A2D6-112FD6A9979D}.Release|x86.Build.0 = Release|Any CPU
		{7A749FBD-D03A-4534-83A4-A2EF4ED5541C}.Debug|Any CPU.ActiveCfg = Debug|Any CPU
		{7A749FBD-D03A-4534-83A4-A2EF4ED5541C}.Debug|Any CPU.Build.0 = Debug|Any CPU
		{7A749FBD-D03A-4534-83A4-A2EF4ED5541C}.Debug|x64.ActiveCfg = Debug|Any CPU
		{7A749FBD-D03A-4534-83A4-A2EF4ED5541C}.Debug|x64.Build.0 = Debug|Any CPU
		{7A749FBD-D03A-4534-83A4-A2EF4ED5541C}.Debug|x86.ActiveCfg = Debug|Any CPU
		{7A749FBD-D03A-4534-83A4-A2EF4ED5541C}.Debug|x86.Build.0 = Debug|Any CPU
		{7A749FBD-D03A-4534-83A4-A2EF4ED5541C}.Release|Any CPU.ActiveCfg = Release|Any CPU
		{7A749FBD-D03A-4534-83A4-A2EF4ED5541C}.Release|Any CPU.Build.0 = Release|Any CPU
		{7A749FBD-D03A-4534-83A4-A2EF4ED5541C}.Release|x64.ActiveCfg = Release|Any CPU
		{7A749FBD-D03A-4534-83A4-A2EF4ED5541C}.Release|x64.Build.0 = Release|Any CPU
		{7A749FBD-D03A-4534-83A4-A2EF4ED5541C}.Release|x86.ActiveCfg = Release|Any CPU
		{7A749FBD-D03A-4534-83A4-A2EF4ED5541C}.Release|x86.Build.0 = Release|Any CPU
		{79EAAFE0-E0FB-4778-9A86-017A6E1B21B1}.Debug|Any CPU.ActiveCfg = Debug|Any CPU
		{79EAAFE0-E0FB-4778-9A86-017A6E1B21B1}.Debug|Any CPU.Build.0 = Debug|Any CPU
		{79EAAFE0-E0FB-4778-9A86-017A6E1B21B1}.Debug|x64.ActiveCfg = Debug|Any CPU
		{79EAAFE0-E0FB-4778-9A86-017A6E1B21B1}.Debug|x64.Build.0 = Debug|Any CPU
		{79EAAFE0-E0FB-4778-9A86-017A6E1B21B1}.Debug|x86.ActiveCfg = Debug|Any CPU
		{79EAAFE0-E0FB-4778-9A86-017A6E1B21B1}.Debug|x86.Build.0 = Debug|Any CPU
		{79EAAFE0-E0FB-4778-9A86-017A6E1B21B1}.Release|Any CPU.ActiveCfg = Release|Any CPU
		{79EAAFE0-E0FB-4778-9A86-017A6E1B21B1}.Release|Any CPU.Build.0 = Release|Any CPU
		{79EAAFE0-E0FB-4778-9A86-017A6E1B21B1}.Release|x64.ActiveCfg = Release|x64
		{79EAAFE0-E0FB-4778-9A86-017A6E1B21B1}.Release|x64.Build.0 = Release|x64
		{79EAAFE0-E0FB-4778-9A86-017A6E1B21B1}.Release|x86.ActiveCfg = Release|Any CPU
		{79EAAFE0-E0FB-4778-9A86-017A6E1B21B1}.Release|x86.Build.0 = Release|Any CPU
	EndGlobalSection
	GlobalSection(SolutionProperties) = preSolution
		HideSolutionNode = FALSE
	EndGlobalSection
	GlobalSection(ExtensibilityGlobals) = postSolution
		SolutionGuid = {B184F51C-87B8-4BD6-9065-9F86D75F9A7F}
	EndGlobalSection
EndGlobal
